
Microsoft Visual Studio Solution File, Format Version 12.00
# Visual Studio 15
Project("{FAE04EC0-301F-11D3-BF4B-00C04F79EFBC}") = "Assembly-CSharp", "Assembly-CSharp.csproj", "{BBE40A68-4443-48C4-24B5-B97D1FC7DF14}"
EndProject
Project("{FAE04EC0-301F-11D3-BF4B-00C04F79EFBC}") = "Assembly-CSharp-Editor", "Assembly-CSharp-Editor.csproj", "{1615C5B5-F67D-5D09-696B-9215736FA87A}"
EndProject
Global
	GlobalSection(SolutionConfigurationPlatforms) = preSolution
		Debug|Any CPU = Debug|Any CPU
		Release|Any CPU = Release|Any CPU
	EndGlobalSection
	GlobalSection(ProjectConfigurationPlatforms) = postSolution
		{BBE40A68-4443-48C4-24B5-B97D1FC7DF14}.Debug|Any CPU.ActiveCfg = Debug|Any CPU
		{BBE40A68-4443-48C4-24B5-B97D1FC7DF14}.Debug|Any CPU.Build.0 = Debug|Any CPU
		{BBE40A68-4443-48C4-24B5-B97D1FC7DF14}.Release|Any CPU.ActiveCfg = Release|Any CPU
		{BBE40A68-4443-48C4-24B5-B97D1FC7DF14}.Release|Any CPU.Build.0 = Release|Any CPU
		{1615C5B5-F67D-5D09-696B-9215736FA87A}.Debug|Any CPU.ActiveCfg = Debug|Any CPU
		{1615C5B5-F67D-5D09-696B-9215736FA87A}.Debug|Any CPU.Build.0 = Debug|Any CPU
		{1615C5B5-F67D-5D09-696B-9215736FA87A}.Release|Any CPU.ActiveCfg = Release|Any CPU
		{1615C5B5-F67D-5D09-696B-9215736FA87A}.Release|Any CPU.Build.0 = Release|Any CPU
	EndGlobalSection
	GlobalSection(SolutionProperties) = preSolution
		HideSolutionNode = FALSE
	EndGlobalSection
EndGlobal
